// !$*UTF8*$!
{
	archiveVersion = 1;
	classes = {
	};
	objectVersion = 48;
	objects = {

/* Begin PBXFileReference section */
		14327D97206D595A00872331 /* BlankIt.playgroundbook */ = {isa = PBXFileReference; lastKnownFileType = wrapper; path = BlankIt.playgroundbook; sourceTree = "<group>"; };
		1452BC3A20715B9A0081979F /* README.md */ = {isa = PBXFileReference; lastKnownFileType = net.daringfireball.markdown; path = README.md; sourceTree = "<group>"; };
		14BF93EC20CB2925000398D3 /* Glossary.plist */ = {isa = PBXFileReference; lastKnownFileType = text.plist.xml; path = Glossary.plist; sourceTree = "<group>"; };
/* End PBXFileReference section */

/* Begin PBXGroup section */
		14327D8F206D592F00872331 = {
			isa = PBXGroup;
			children = (
				1452BC3A20715B9A0081979F /* README.md */,
				14327D97206D595A00872331 /* BlankIt.playgroundbook */,
				14BF93EC20CB2925000398D3 /* Glossary.plist */,
			);
			sourceTree = "<group>";
		};
/* End PBXGroup section */

/* Begin PBXProject section */
		14327D90206D592F00872331 /* Project object */ = {
			isa = PBXProject;
			attributes = {
				LastSwiftUpdateCheck = 0920;
				LastUpgradeCheck = 0920;
			};
			buildConfigurationList = 14327D93206D592F00872331 /* Build configuration list for PBXProject "WWDC2018" */;
			compatibilityVersion = "Xcode 8.0";
			developmentRegion = en;
			hasScannedForEncodings = 0;
			knownRegions = (
				en,
				Base,
			);
			mainGroup = 14327D8F206D592F00872331;
			productRefGroup = 14327D8F206D592F00872331;
			projectDirPath = "";
			projectRoot = "";
			targets = (
			);
		};
/* End PBXProject section */

/* Begin XCBuildConfiguration section */
		14327D94206D592F00872331 /* Debug */ = {
			isa = XCBuildConfiguration;
			buildSettings = {
			};
			name = Debug;
		};
		14327D95206D592F00872331 /* Release */ = {
			isa = XCBuildConfiguration;
			buildSettings = {
			};
			name = Release;
		};
/* End XCBuildConfiguration section */

/* Begin XCConfigurationList section */
		14327D93206D592F00872331 /* Build configuration list for PBXProject "WWDC2018" */ = {
			isa = XCConfigurationList;
			buildConfigurations = (
				14327D94206D592F00872331 /* Debug */,
				14327D95206D592F00872331 /* Release */,
			);
			defaultConfigurationIsVisible = 0;
			defaultConfigurationName = Release;
		};
/* End XCConfigurationList section */
	};
	rootObject = 14327D90206D592F00872331 /* Project object */;
}
